// !$*UTF8*$!
{
	archiveVersion = 1;
	classes = {
	};
	objectVersion = 46;
	objects = {

/* Begin PBXBuildFile section */
		8B38EA7A1A1580C9009E9E41 /* KnowledgeBasedAgent.cpp in Sources */ = {isa = PBXBuildFile; fileRef = 8B38EA781A1580C9009E9E41 /* KnowledgeBasedAgent.cpp */; };
		8B6F435C1A140F3300273CA1 /* main.cpp in Sources */ = {isa = PBXBuildFile; fileRef = 8B6F435B1A140F3300273CA1 /* main.cpp */; };
/* End PBXBuildFile section */

/* Begin PBXCopyFilesBuildPhase section */
		8B6F43561A140F3300273CA1 /* CopyFiles */ = {
			isa = PBXCopyFilesBuildPhase;
			buildActionMask = 2147483647;
			dstPath = /usr/share/man/man1/;
			dstSubfolderSpec = 0;
			files = (
			);
			runOnlyForDeploymentPostprocessing = 1;
		};
/* End PBXCopyFilesBuildPhase section */

/* Begin PBXFileReference section */
		8B38EA771A14B221009E9E41 /* IO.h */ = {isa = PBXFileReference; lastKnownFileType = sourcecode.c.h; path = IO.h; sourceTree = "<group>"; };
		8B38EA781A1580C9009E9E41 /* KnowledgeBasedAgent.cpp */ = {isa = PBXFileReference; fileEncoding = 4; lastKnownFileType = sourcecode.cpp.cpp; path = KnowledgeBasedAgent.cpp; sourceTree = "<group>"; };
		8B38EA791A1580C9009E9E41 /* KnowledgeBasedAgent.h */ = {isa = PBXFileReference; fileEncoding = 4; lastKnownFileType = sourcecode.c.h; path = KnowledgeBasedAgent.h; sourceTree = "<group>"; };
		8B6F43581A140F3300273CA1 /* LogicInference */ = {isa = PBXFileReference; explicitFileType = "compiled.mach-o.executable"; includeInIndex = 0; path = LogicInference; sourceTree = BUILT_PRODUCTS_DIR; };
		8B6F435B1A140F3300273CA1 /* main.cpp */ = {isa = PBXFileReference; lastKnownFileType = sourcecode.cpp.cpp; path = main.cpp; sourceTree = "<group>"; };
/* End PBXFileReference section */

/* Begin PBXFrameworksBuildPhase section */
		8B6F43551A140F3300273CA1 /* Frameworks */ = {
			isa = PBXFrameworksBuildPhase;
			buildActionMask = 2147483647;
			files = (
			);
			runOnlyForDeploymentPostprocessing = 0;
		};
/* End PBXFrameworksBuildPhase section */

/* Begin PBXGroup section */
		8B6F434F1A140F3300273CA1 = {
			isa = PBXGroup;
			children = (
				8B6F435A1A140F3300273CA1 /* LogicInference */,
				8B6F43591A140F3300273CA1 /* Products */,
			);
			sourceTree = "<group>";
		};
		8B6F43591A140F3300273CA1 /* Products */ = {
			isa = PBXGroup;
			children = (
				8B6F43581A140F3300273CA1 /* LogicInference */,
			);
			name = Products;
			sourceTree = "<group>";
		};
		8B6F435A1A140F3300273CA1 /* LogicInference */ = {
			isa = PBXGroup;
			children = (
				8B6F435B1A140F3300273CA1 /* main.cpp */,
				8B38EA771A14B221009E9E41 /* IO.h */,
				8B38EA781A1580C9009E9E41 /* KnowledgeBasedAgent.cpp */,
				8B38EA791A1580C9009E9E41 /* KnowledgeBasedAgent.h */,
			);
			path = LogicInference;
			sourceTree = "<group>";
		};
/* End PBXGroup section */

/* Begin PBXNativeTarget section */
		8B6F43571A140F3300273CA1 /* LogicInference */ = {
			isa = PBXNativeTarget;
			buildConfigurationList = 8B6F435F1A140F3300273CA1 /* Build configuration list for PBXNativeTarget "LogicInference" */;
			buildPhases = (
				8B6F43541A140F3300273CA1 /* Sources */,
				8B6F43551A140F3300273CA1 /* Frameworks */,
				8B6F43561A140F3300273CA1 /* CopyFiles */,
			);
			buildRules = (
			);
			dependencies = (
			);
			name = LogicInference;
			productName = LogicInference;
			productReference = 8B6F43581A140F3300273CA1 /* LogicInference */;
			productType = "com.apple.product-type.tool";
		};
/* End PBXNativeTarget section */

/* Begin PBXProject section */
		8B6F43501A140F3300273CA1 /* Project object */ = {
			isa = PBXProject;
			attributes = {
				LastUpgradeCheck = 0610;
				ORGANIZATIONNAME = "Varun Varadarajan";
				TargetAttributes = {
					8B6F43571A140F3300273CA1 = {
						CreatedOnToolsVersion = 6.1;
					};
				};
			};
			buildConfigurationList = 8B6F43531A140F3300273CA1 /* Build configuration list for PBXProject "LogicInference" */;
			compatibilityVersion = "Xcode 3.2";
			developmentRegion = English;
			hasScannedForEncodings = 0;
			knownRegions = (
				en,
			);
			mainGroup = 8B6F434F1A140F3300273CA1;
			productRefGroup = 8B6F43591A140F3300273CA1 /* Products */;
			projectDirPath = "";
			projectRoot = "";
			targets = (
				8B6F43571A140F3300273CA1 /* LogicInference */,
			);
		};
/* End PBXProject section */

/* Begin PBXSourcesBuildPhase section */
		8B6F43541A140F3300273CA1 /* Sources */ = {
			isa = PBXSourcesBuildPhase;
			buildActionMask = 2147483647;
			files = (
				8B38EA7A1A1580C9009E9E41 /* KnowledgeBasedAgent.cpp in Sources */,
				8B6F435C1A140F3300273CA1 /* main.cpp in Sources */,
			);
			runOnlyForDeploymentPostprocessing = 0;
		};
/* End PBXSourcesBuildPhase section */

/* Begin XCBuildConfiguration section */
		8B6F435D1A140F3300273CA1 /* Debug */ = {
			isa = XCBuildConfiguration;
			buildSettings = {
				ALWAYS_SEARCH_USER_PATHS = NO;
				CLANG_CXX_LANGUAGE_STANDARD = "gnu++0x";
				CLANG_CXX_LIBRARY = "libc++";
				CLANG_ENABLE_MODULES = YES;
				CLANG_ENABLE_OBJC_ARC = YES;
				CLANG_WARN_BOOL_CONVERSION = YES;
				CLANG_WARN_CONSTANT_CONVERSION = YES;
				CLANG_WARN_DIRECT_OBJC_ISA_USAGE = YES_ERROR;
				CLANG_WARN_EMPTY_BODY = YES;
				CLANG_WARN_ENUM_CONVERSION = YES;
				CLANG_WARN_INT_CONVERSION = YES;
				CLANG_WARN_OBJC_ROOT_CLASS = YES_ERROR;
				CLANG_WARN_UNREACHABLE_CODE = YES;
				CLANG_WARN__DUPLICATE_METHOD_MATCH = YES;
				COPY_PHASE_STRIP = NO;
				ENABLE_STRICT_OBJC_MSGSEND = YES;
				GCC_C_LANGUAGE_STANDARD = gnu99;
				GCC_DYNAMIC_NO_PIC = NO;
				GCC_OPTIMIZATION_LEVEL = 0;
				GCC_PREPROCESSOR_DEFINITIONS = (
					"DEBUG=1",
					"$(inherited)",
				);
				GCC_SYMBOLS_PRIVATE_EXTERN = NO;
				GCC_WARN_64_TO_32_BIT_CONVERSION = YES;
				GCC_WARN_ABOUT_RETURN_TYPE = YES_ERROR;
				GCC_WARN_UNDECLARED_SELECTOR = YES;
				GCC_WARN_UNINITIALIZED_AUTOS = YES_AGGRESSIVE;
				GCC_WARN_UNUSED_FUNCTION = YES;
				GCC_WARN_UNUSED_VARIABLE = YES;
				MACOSX_DEPLOYMENT_TARGET = 10.10;
				MTL_ENABLE_DEBUG_INFO = YES;
				ONLY_ACTIVE_ARCH = YES;
				SDKROOT = macosx;
			};
			name = Debug;
		};
		8B6F435E1A140F3300273CA1 /* Release */ = {
			isa = XCBuildConfiguration;
			buildSettings = {
				ALWAYS_SEARCH_USER_PATHS = NO;
				CLANG_CXX_LANGUAGE_STANDARD = "gnu++0x";
				CLANG_CXX_LIBRARY = "libc++";
				CLANG_ENABLE_MODULES = YES;
				CLANG_ENABLE_OBJC_ARC = YES;
				CLANG_WARN_BOOL_CONVERSION = YES;
				CLANG_WARN_CONSTANT_CONVERSION = YES;
				CLANG_WARN_DIRECT_OBJC_ISA_USAGE = YES_ERROR;
				CLANG_WARN_EMPTY_BODY = YES;
				CLANG_WARN_ENUM_CONVERSION = YES;
				CLANG_WARN_INT_CONVERSION = YES;
				CLANG_WARN_OBJC_ROOT_CLASS = YES_ERROR;
				CLANG_WARN_UNREACHABLE_CODE = YES;
				CLANG_WARN__DUPLICATE_METHOD_MATCH = YES;
				COPY_PHASE_STRIP = YES;
				DEBUG_INFORMATION_FORMAT = "dwarf-with-dsym";
				ENABLE_NS_ASSERTIONS = NO;
				ENABLE_STRICT_OBJC_MSGSEND = YES;
				GCC_C_LANGUAGE_STANDARD = gnu99;
				GCC_WARN_64_TO_32_BIT_CONVERSION = YES;
				GCC_WARN_ABOUT_RETURN_TYPE = YES_ERROR;
				GCC_WARN_UNDECLARED_SELECTOR = YES;
				GCC_WARN_UNINITIALIZED_AUTOS = YES_AGGRESSIVE;
				GCC_WARN_UNUSED_FUNCTION = YES;
				GCC_WARN_UNUSED_VARIABLE = YES;
				MACOSX_DEPLOYMENT_TARGET = 10.10;
				MTL_ENABLE_DEBUG_INFO = NO;
				SDKROOT = macosx;
			};
			name = Release;
		};
		8B6F43601A140F3300273CA1 /* Debug */ = {
			isa = XCBuildConfiguration;
			buildSettings = {
				PRODUCT_NAME = "$(TARGET_NAME)";
			};
			name = Debug;
		};
		8B6F43611A140F3300273CA1 /* Release */ = {
			isa = XCBuildConfiguration;
			buildSettings = {
				PRODUCT_NAME = "$(TARGET_NAME)";
			};
			name = Release;
		};
/* End XCBuildConfiguration section */

/* Begin XCConfigurationList section */
		8B6F43531A140F3300273CA1 /* Build configuration list for PBXProject "LogicInference" */ = {
			isa = XCConfigurationList;
			buildConfigurations = (
				8B6F435D1A140F3300273CA1 /* Debug */,
				8B6F435E1A140F3300273CA1 /* Release */,
			);
			defaultConfigurationIsVisible = 0;
			defaultConfigurationName = Release;
		};
		8B6F435F1A140F3300273CA1 /* Build configuration list for PBXNativeTarget "LogicInference" */ = {
			isa = XCConfigurationList;
			buildConfigurations = (
				8B6F43601A140F3300273CA1 /* Debug */,
				8B6F43611A140F3300273CA1 /* Release */,
			);
			defaultConfigurationIsVisible = 0;
			defaultConfigurationName = Release;
		};
/* End XCConfigurationList section */
	};
	rootObject = 8B6F43501A140F3300273CA1 /* Project object */;
}
